
Microsoft Visual Studio Solution File, Format Version 12.00
# Visual Studio 15
VisualStudioVersion = 15.0.27428.2037
MinimumVisualStudioVersion = 10.0.40219.1
Project("{8BC9CEB8-8B4A-11D0-8D11-00A0C91BC942}") = "dinput8", "dinput8\dinput8.vcxproj", "{53FB14D2-A363-4842-A53C-B573138A76E3}"
EndProject
Global
	GlobalSection(SolutionConfigurationPlatforms) = preSolution
		Debug|x86 = Debug|x86
		Release|x86 = Release|x86
	EndGlobalSection
	GlobalSection(ProjectConfigurationPlatforms) = postSolution
		{53FB14D2-A363-4842-A53C-B573138A76E3}.Debug|x86.ActiveCfg = Debug|Win32
		{53FB14D2-A363-4842-A53C-B573138A76E3}.Debug|x86.Build.0 = Debug|Win32
		{53FB14D2-A363-4842-A53C-B573138A76E3}.Release|x86.ActiveCfg = Release|Win32
		{53FB14D2-A363-4842-A53C-B573138A76E3}.Release|x86.Build.0 = Release|Win32
	EndGlobalSection
	GlobalSection(SolutionProperties) = preSolution
		HideSolutionNode = FALSE
	EndGlobalSection
	GlobalSection(ExtensibilityGlobals) = postSolution
		SolutionGuid = {EC91E5A8-FD37-4E5C-ACB5-DB49598FDC35}
	EndGlobalSection
EndGlobal
